
Microsoft Visual Studio Solution File, Format Version 12.00
# Visual Studio Version 16
VisualStudioVersion = 16.0.31019.35
MinimumVisualStudioVersion = 10.0.40219.1
Project("{FAE04EC0-301F-11D3-BF4B-00C04F79EFBC}") = "MyDictionary", "MyDictionary\MyDictionary.csproj", "{FDFC1AAA-3B62-4DFD-96D1-E3474D0F4A31}"
EndProject
Global
	GlobalSection(SolutionConfigurationPlatforms) = preSolution
		Debug|Any CPU = Debug|Any CPU
		Release|Any CPU = Release|Any CPU
	EndGlobalSection
	GlobalSection(ProjectConfigurationPlatforms) = postSolution
		{FDFC1AAA-3B62-4DFD-96D1-E3474D0F4A31}.Debug|Any CPU.ActiveCfg = Debug|Any CPU
		{FDFC1AAA-3B62-4DFD-96D1-E3474D0F4A31}.Debug|Any CPU.Build.0 = Debug|Any CPU
		{FDFC1AAA-3B62-4DFD-96D1-E3474D0F4A31}.Release|Any CPU.ActiveCfg = Release|Any CPU
		{FDFC1AAA-3B62-4DFD-96D1-E3474D0F4A31}.Release|Any CPU.Build.0 = Release|Any CPU
	EndGlobalSection
	GlobalSection(SolutionProperties) = preSolution
		HideSolutionNode = FALSE
	EndGlobalSection
	GlobalSection(ExtensibilityGlobals) = postSolution
		SolutionGuid = {70DCA084-004D-4E24-9D38-39F6A94567E4}
	EndGlobalSection
EndGlobal
